
Microsoft Visual Studio Solution File, Format Version 12.00
# Visual Studio Version 16
VisualStudioVersion = 16.0.30011.22
MinimumVisualStudioVersion = 10.0.40219.1
Project("{FAE04EC0-301F-11D3-BF4B-00C04F79EFBC}") = "MovieSearch.Android", "MovieSearch\MovieSearch.Android\MovieSearch.Android.csproj", "{1032FAE1-234A-4870-B778-69DF288BAD70}"
EndProject
Project("{FAE04EC0-301F-11D3-BF4B-00C04F79EFBC}") = "MovieSearch.iOS", "MovieSearch\MovieSearch.iOS\MovieSearch.iOS.csproj", "{153CCCAA-E20F-4D92-8FBA-3C706D973F58}"
EndProject
Project("{FAE04EC0-301F-11D3-BF4B-00C04F79EFBC}") = "MovieSearch", "MovieSearch\MovieSearch\MovieSearch.csproj", "{56022B9A-AC47-44EF-A52E-33A28083A40D}"
EndProject
Global
	GlobalSection(SolutionConfigurationPlatforms) = preSolution
		Debug|Any CPU = Debug|Any CPU
		Debug|iPhone = Debug|iPhone
		Debug|iPhoneSimulator = Debug|iPhoneSimulator
		Release|Any CPU = Release|Any CPU
		Release|iPhone = Release|iPhone
		Release|iPhoneSimulator = Release|iPhoneSimulator
	EndGlobalSection
	GlobalSection(ProjectConfigurationPlatforms) = postSolution
		{1032FAE1-234A-4870-B778-69DF288BAD70}.Debug|Any CPU.ActiveCfg = Debug|Any CPU
		{1032FAE1-234A-4870-B778-69DF288BAD70}.Debug|Any CPU.Build.0 = Debug|Any CPU
		{1032FAE1-234A-4870-B778-69DF288BAD70}.Debug|Any CPU.Deploy.0 = Debug|Any CPU
		{1032FAE1-234A-4870-B778-69DF288BAD70}.Debug|iPhone.ActiveCfg = Debug|Any CPU
		{1032FAE1-234A-4870-B778-69DF288BAD70}.Debug|iPhone.Build.0 = Debug|Any CPU
		{1032FAE1-234A-4870-B778-69DF288BAD70}.Debug|iPhone.Deploy.0 = Debug|Any CPU
		{1032FAE1-234A-4870-B778-69DF288BAD70}.Debug|iPhoneSimulator.ActiveCfg = Debug|Any CPU
		{1032FAE1-234A-4870-B778-69DF288BAD70}.Debug|iPhoneSimulator.Build.0 = Debug|Any CPU
		{1032FAE1-234A-4870-B778-69DF288BAD70}.Debug|iPhoneSimulator.Deploy.0 = Debug|Any CPU
		{1032FAE1-234A-4870-B778-69DF288BAD70}.Release|Any CPU.ActiveCfg = Release|Any CPU
		{1032FAE1-234A-4870-B778-69DF288BAD70}.Release|Any CPU.Build.0 = Release|Any CPU
		{1032FAE1-234A-4870-B778-69DF288BAD70}.Release|Any CPU.Deploy.0 = Release|Any CPU
		{1032FAE1-234A-4870-B778-69DF288BAD70}.Release|iPhone.ActiveCfg = Release|Any CPU
		{1032FAE1-234A-4870-B778-69DF288BAD70}.Release|iPhone.Build.0 = Release|Any CPU
		{1032FAE1-234A-4870-B778-69DF288BAD70}.Release|iPhone.Deploy.0 = Release|Any CPU
		{1032FAE1-234A-4870-B778-69DF288BAD70}.Release|iPhoneSimulator.ActiveCfg = Release|Any CPU
		{1032FAE1-234A-4870-B778-69DF288BAD70}.Release|iPhoneSimulator.Build.0 = Release|Any CPU
		{1032FAE1-234A-4870-B778-69DF288BAD70}.Release|iPhoneSimulator.Deploy.0 = Release|Any CPU
		{153CCCAA-E20F-4D92-8FBA-3C706D973F58}.Debug|Any CPU.ActiveCfg = Debug|iPhone
		{153CCCAA-E20F-4D92-8FBA-3C706D973F58}.Debug|Any CPU.Build.0 = Debug|iPhone
		{153CCCAA-E20F-4D92-8FBA-3C706D973F58}.Debug|Any CPU.Deploy.0 = Debug|iPhone
		{153CCCAA-E20F-4D92-8FBA-3C706D973F58}.Debug|iPhone.ActiveCfg = Debug|iPhone
		{153CCCAA-E20F-4D92-8FBA-3C706D973F58}.Debug|iPhone.Build.0 = Debug|iPhone
		{153CCCAA-E20F-4D92-8FBA-3C706D973F58}.Debug|iPhone.Deploy.0 = Debug|iPhone
		{153CCCAA-E20F-4D92-8FBA-3C706D973F58}.Debug|iPhoneSimulator.ActiveCfg = Debug|iPhoneSimulator
		{153CCCAA-E20F-4D92-8FBA-3C706D973F58}.Debug|iPhoneSimulator.Build.0 = Debug|iPhoneSimulator
		{153CCCAA-E20F-4D92-8FBA-3C706D973F58}.Debug|iPhoneSimulator.Deploy.0 = Debug|iPhoneSimulator
		{153CCCAA-E20F-4D92-8FBA-3C706D973F58}.Release|Any CPU.ActiveCfg = Release|iPhone
		{153CCCAA-E20F-4D92-8FBA-3C706D973F58}.Release|Any CPU.Build.0 = Release|iPhone
		{153CCCAA-E20F-4D92-8FBA-3C706D973F58}.Release|Any CPU.Deploy.0 = Release|iPhone
		{153CCCAA-E20F-4D92-8FBA-3C706D973F58}.Release|iPhone.ActiveCfg = Release|iPhone
		{153CCCAA-E20F-4D92-8FBA-3C706D973F58}.Release|iPhone.Build.0 = Release|iPhone
		{153CCCAA-E20F-4D92-8FBA-3C706D973F58}.Release|iPhone.Deploy.0 = Release|iPhone
		{153CCCAA-E20F-4D92-8FBA-3C706D973F58}.Release|iPhoneSimulator.ActiveCfg = Release|iPhoneSimulator
		{153CCCAA-E20F-4D92-8FBA-3C706D973F58}.Release|iPhoneSimulator.Build.0 = Release|iPhoneSimulator
		{153CCCAA-E20F-4D92-8FBA-3C706D973F58}.Release|iPhoneSimulator.Deploy.0 = Release|iPhoneSimulator
		{56022B9A-AC47-44EF-A52E-33A28083A40D}.Debug|Any CPU.ActiveCfg = Debug|Any CPU
		{56022B9A-AC47-44EF-A52E-33A28083A40D}.Debug|Any CPU.Build.0 = Debug|Any CPU
		{56022B9A-AC47-44EF-A52E-33A28083A40D}.Debug|Any CPU.Deploy.0 = Debug|Any CPU
		{56022B9A-AC47-44EF-A52E-33A28083A40D}.Debug|iPhone.ActiveCfg = Debug|Any CPU
		{56022B9A-AC47-44EF-A52E-33A28083A40D}.Debug|iPhone.Build.0 = Debug|Any CPU
		{56022B9A-AC47-44EF-A52E-33A28083A40D}.Debug|iPhone.Deploy.0 = Debug|Any CPU
		{56022B9A-AC47-44EF-A52E-33A28083A40D}.Debug|iPhoneSimulator.ActiveCfg = Debug|Any CPU
		{56022B9A-AC47-44EF-A52E-33A28083A40D}.Debug|iPhoneSimulator.Build.0 = Debug|Any CPU
		{56022B9A-AC47-44EF-A52E-33A28083A40D}.Debug|iPhoneSimulator.Deploy.0 = Debug|Any CPU
		{56022B9A-AC47-44EF-A52E-33A28083A40D}.Release|Any CPU.ActiveCfg = Release|Any CPU
		{56022B9A-AC47-44EF-A52E-33A28083A40D}.Release|Any CPU.Build.0 = Release|Any CPU
		{56022B9A-AC47-44EF-A52E-33A28083A40D}.Release|Any CPU.Deploy.0 = Release|Any CPU
		{56022B9A-AC47-44EF-A52E-33A28083A40D}.Release|iPhone.ActiveCfg = Release|Any CPU
		{56022B9A-AC47-44EF-A52E-33A28083A40D}.Release|iPhone.Build.0 = Release|Any CPU
		{56022B9A-AC47-44EF-A52E-33A28083A40D}.Release|iPhone.Deploy.0 = Release|Any CPU
		{56022B9A-AC47-44EF-A52E-33A28083A40D}.Release|iPhoneSimulator.ActiveCfg = Release|Any CPU
		{56022B9A-AC47-44EF-A52E-33A28083A40D}.Release|iPhoneSimulator.Build.0 = Release|Any CPU
		{56022B9A-AC47-44EF-A52E-33A28083A40D}.Release|iPhoneSimulator.Deploy.0 = Release|Any CPU
	EndGlobalSection
	GlobalSection(SolutionProperties) = preSolution
		HideSolutionNode = FALSE
	EndGlobalSection
	GlobalSection(ExtensibilityGlobals) = postSolution
		SolutionGuid = {84B2628D-887D-4D44-968F-D7D2BB27C5E2}
	EndGlobalSection
EndGlobal
